
Microsoft Visual Studio Solution File, Format Version 12.00
# Visual Studio Version 17
VisualStudioVersion = 17.10.35027.167
MinimumVisualStudioVersion = 10.0.40219.1
Project("{9A19103F-16F7-4668-BE54-9A1E7A4F7556}") = "PowerplantChallenge", "PowerplantChallenge\PowerplantChallenge.csproj", "{D8304EBC-40FD-4585-9DBF-DBEF6FDEFD25}"
EndProject
Project("{FAE04EC0-301F-11D3-BF4B-00C04F79EFBC}") = "Application", "Application\Application.csproj", "{B4C6E214-9668-4F04-9F8D-812D69429238}"
EndProject
Project("{FAE04EC0-301F-11D3-BF4B-00C04F79EFBC}") = "Domain", "Domain\Domain.csproj", "{1685F671-5E8A-4B68-B588-CEA62FCEA451}"
EndProject
Project("{FAE04EC0-301F-11D3-BF4B-00C04F79EFBC}") = "PowerPlantTests", "PowerPlant.Tests\PowerPlantTests.csproj", "{7E61565F-6327-4ACA-B733-E01D830906E0}"
EndProject
Global
	GlobalSection(SolutionConfigurationPlatforms) = preSolution
		Debug|Any CPU = Debug|Any CPU
		Release|Any CPU = Release|Any CPU
	EndGlobalSection
	GlobalSection(ProjectConfigurationPlatforms) = postSolution
		{D8304EBC-40FD-4585-9DBF-DBEF6FDEFD25}.Debug|Any CPU.ActiveCfg = Debug|Any CPU
		{D8304EBC-40FD-4585-9DBF-DBEF6FDEFD25}.Debug|Any CPU.Build.0 = Debug|Any CPU
		{D8304EBC-40FD-4585-9DBF-DBEF6FDEFD25}.Release|Any CPU.ActiveCfg = Release|Any CPU
		{D8304EBC-40FD-4585-9DBF-DBEF6FDEFD25}.Release|Any CPU.Build.0 = Release|Any CPU
		{B4C6E214-9668-4F04-9F8D-812D69429238}.Debug|Any CPU.ActiveCfg = Debug|Any CPU
		{B4C6E214-9668-4F04-9F8D-812D69429238}.Debug|Any CPU.Build.0 = Debug|Any CPU
		{B4C6E214-9668-4F04-9F8D-812D69429238}.Release|Any CPU.ActiveCfg = Release|Any CPU
		{B4C6E214-9668-4F04-9F8D-812D69429238}.Release|Any CPU.Build.0 = Release|Any CPU
		{1685F671-5E8A-4B68-B588-CEA62FCEA451}.Debug|Any CPU.ActiveCfg = Debug|Any CPU
		{1685F671-5E8A-4B68-B588-CEA62FCEA451}.Debug|Any CPU.Build.0 = Debug|Any CPU
		{1685F671-5E8A-4B68-B588-CEA62FCEA451}.Release|Any CPU.ActiveCfg = Release|Any CPU
		{1685F671-5E8A-4B68-B588-CEA62FCEA451}.Release|Any CPU.Build.0 = Release|Any CPU
		{7E61565F-6327-4ACA-B733-E01D830906E0}.Debug|Any CPU.ActiveCfg = Debug|Any CPU
		{7E61565F-6327-4ACA-B733-E01D830906E0}.Debug|Any CPU.Build.0 = Debug|Any CPU
		{7E61565F-6327-4ACA-B733-E01D830906E0}.Release|Any CPU.ActiveCfg = Release|Any CPU
		{7E61565F-6327-4ACA-B733-E01D830906E0}.Release|Any CPU.Build.0 = Release|Any CPU
	EndGlobalSection
	GlobalSection(SolutionProperties) = preSolution
		HideSolutionNode = FALSE
	EndGlobalSection
	GlobalSection(ExtensibilityGlobals) = postSolution
		SolutionGuid = {90F0D71D-91E8-4D2F-AA98-698BBD4AC7B7}
	EndGlobalSection
EndGlobal
